
Microsoft Visual Studio Solution File, Format Version 12.00
# Visual Studio Version 17
VisualStudioVersion = 17.13.35931.197
MinimumVisualStudioVersion = 10.0.40219.1
Project("{FAE04EC0-301F-11D3-BF4B-00C04F79EFBC}") = "Schedule", "Schedule\Schedule.csproj", "{0AEDDD0F-1AD6-46DC-A289-B39775851DF7}"
EndProject
Project("{FAE04EC0-301F-11D3-BF4B-00C04F79EFBC}") = "Schedule.DB", "Schedule.DB\Schedule.DB.csproj", "{7EF241E1-6B1E-4869-816E-4755057419D3}"
EndProject
Project("{FAE04EC0-301F-11D3-BF4B-00C04F79EFBC}") = "Schedule.Interfaces", "Schedule.Interfaces\Schedule.Interfaces.csproj", "{538D3A06-26BA-41AE-8162-D5EB6E10784A}"
EndProject
Project("{2150E333-8FDC-42A3-9474-1A3956D46DE8}") = "Solution Items", "Solution Items", "{36D591C7-65C7-A0D1-1CBC-10CDE441BDC8}"
	ProjectSection(SolutionItems) = preProject
		.editorconfig = .editorconfig
	EndProjectSection
EndProject
Global
	GlobalSection(SolutionConfigurationPlatforms) = preSolution
		Debug|Any CPU = Debug|Any CPU
		Release|Any CPU = Release|Any CPU
	EndGlobalSection
	GlobalSection(ProjectConfigurationPlatforms) = postSolution
		{0AEDDD0F-1AD6-46DC-A289-B39775851DF7}.Debug|Any CPU.ActiveCfg = Debug|Any CPU
		{0AEDDD0F-1AD6-46DC-A289-B39775851DF7}.Debug|Any CPU.Build.0 = Debug|Any CPU
		{0AEDDD0F-1AD6-46DC-A289-B39775851DF7}.Release|Any CPU.ActiveCfg = Release|Any CPU
		{0AEDDD0F-1AD6-46DC-A289-B39775851DF7}.Release|Any CPU.Build.0 = Release|Any CPU
		{7EF241E1-6B1E-4869-816E-4755057419D3}.Debug|Any CPU.ActiveCfg = Debug|Any CPU
		{7EF241E1-6B1E-4869-816E-4755057419D3}.Debug|Any CPU.Build.0 = Debug|Any CPU
		{7EF241E1-6B1E-4869-816E-4755057419D3}.Release|Any CPU.ActiveCfg = Release|Any CPU
		{7EF241E1-6B1E-4869-816E-4755057419D3}.Release|Any CPU.Build.0 = Release|Any CPU
		{538D3A06-26BA-41AE-8162-D5EB6E10784A}.Debug|Any CPU.ActiveCfg = Debug|Any CPU
		{538D3A06-26BA-41AE-8162-D5EB6E10784A}.Debug|Any CPU.Build.0 = Debug|Any CPU
		{538D3A06-26BA-41AE-8162-D5EB6E10784A}.Release|Any CPU.ActiveCfg = Release|Any CPU
		{538D3A06-26BA-41AE-8162-D5EB6E10784A}.Release|Any CPU.Build.0 = Release|Any CPU
	EndGlobalSection
	GlobalSection(SolutionProperties) = preSolution
		HideSolutionNode = FALSE
	EndGlobalSection
	GlobalSection(ExtensibilityGlobals) = postSolution
		SolutionGuid = {301F1F8D-9DAD-445B-9394-522BA89657DF}
	EndGlobalSection
EndGlobal
